
Microsoft Visual Studio Solution File, Format Version 12.00
# Visual Studio Version 17
VisualStudioVersion = 17.7.34031.279
MinimumVisualStudioVersion = 10.0.40219.1
Project("{8BC9CEB8-8B4A-11D0-8D11-00A0C91BC942}") = "Single_Link_List", "Single_Link_List\Single_Link_List.vcxproj", "{B00DABC3-AE82-4282-9299-04797D3011BB}"
EndProject
Global
	GlobalSection(SolutionConfigurationPlatforms) = preSolution
		Debug|x64 = Debug|x64
		Debug|x86 = Debug|x86
		Release|x64 = Release|x64
		Release|x86 = Release|x86
	EndGlobalSection
	GlobalSection(ProjectConfigurationPlatforms) = postSolution
		{B00DABC3-AE82-4282-9299-04797D3011BB}.Debug|x64.ActiveCfg = Debug|x64
		{B00DABC3-AE82-4282-9299-04797D3011BB}.Debug|x64.Build.0 = Debug|x64
		{B00DABC3-AE82-4282-9299-04797D3011BB}.Debug|x86.ActiveCfg = Debug|Win32
		{B00DABC3-AE82-4282-9299-04797D3011BB}.Debug|x86.Build.0 = Debug|Win32
		{B00DABC3-AE82-4282-9299-04797D3011BB}.Release|x64.ActiveCfg = Release|x64
		{B00DABC3-AE82-4282-9299-04797D3011BB}.Release|x64.Build.0 = Release|x64
		{B00DABC3-AE82-4282-9299-04797D3011BB}.Release|x86.ActiveCfg = Release|Win32
		{B00DABC3-AE82-4282-9299-04797D3011BB}.Release|x86.Build.0 = Release|Win32
	EndGlobalSection
	GlobalSection(SolutionProperties) = preSolution
		HideSolutionNode = FALSE
	EndGlobalSection
	GlobalSection(ExtensibilityGlobals) = postSolution
		SolutionGuid = {389F7EB7-3864-4F26-8B17-29CC5CA410F8}
	EndGlobalSection
EndGlobal
